
Microsoft Visual Studio Solution File, Format Version 12.00
# Visual Studio Version 17
VisualStudioVersion = 17.11.35312.102
MinimumVisualStudioVersion = 10.0.40219.1
Project("{FAE04EC0-301F-11D3-BF4B-00C04F79EFBC}") = "CapaPresentacion", "CapaPresentacion\CapaPresentacion.csproj", "{E75FC3B4-AA78-46DF-8325-91AD33079908}"
EndProject
Project("{FAE04EC0-301F-11D3-BF4B-00C04F79EFBC}") = "Repository", "Repository\Repository.csproj", "{03AFDC53-789C-4A15-A1AA-4D4DBC68B348}"
EndProject
Project("{FAE04EC0-301F-11D3-BF4B-00C04F79EFBC}") = "Service", "Service\Service.csproj", "{0B06312D-4800-47AC-A60B-05CF796BCE7F}"
EndProject
Global
	GlobalSection(SolutionConfigurationPlatforms) = preSolution
		Debug|Any CPU = Debug|Any CPU
		Release|Any CPU = Release|Any CPU
	EndGlobalSection
	GlobalSection(ProjectConfigurationPlatforms) = postSolution
		{E75FC3B4-AA78-46DF-8325-91AD33079908}.Debug|Any CPU.ActiveCfg = Debug|Any CPU
		{E75FC3B4-AA78-46DF-8325-91AD33079908}.Debug|Any CPU.Build.0 = Debug|Any CPU
		{E75FC3B4-AA78-46DF-8325-91AD33079908}.Release|Any CPU.ActiveCfg = Release|Any CPU
		{E75FC3B4-AA78-46DF-8325-91AD33079908}.Release|Any CPU.Build.0 = Release|Any CPU
		{03AFDC53-789C-4A15-A1AA-4D4DBC68B348}.Debug|Any CPU.ActiveCfg = Debug|Any CPU
		{03AFDC53-789C-4A15-A1AA-4D4DBC68B348}.Debug|Any CPU.Build.0 = Debug|Any CPU
		{03AFDC53-789C-4A15-A1AA-4D4DBC68B348}.Release|Any CPU.ActiveCfg = Release|Any CPU
		{03AFDC53-789C-4A15-A1AA-4D4DBC68B348}.Release|Any CPU.Build.0 = Release|Any CPU
		{0B06312D-4800-47AC-A60B-05CF796BCE7F}.Debug|Any CPU.ActiveCfg = Debug|Any CPU
		{0B06312D-4800-47AC-A60B-05CF796BCE7F}.Debug|Any CPU.Build.0 = Debug|Any CPU
		{0B06312D-4800-47AC-A60B-05CF796BCE7F}.Release|Any CPU.ActiveCfg = Release|Any CPU
		{0B06312D-4800-47AC-A60B-05CF796BCE7F}.Release|Any CPU.Build.0 = Release|Any CPU
	EndGlobalSection
	GlobalSection(SolutionProperties) = preSolution
		HideSolutionNode = FALSE
	EndGlobalSection
	GlobalSection(ExtensibilityGlobals) = postSolution
		SolutionGuid = {B6F369AA-743F-4717-9A42-FB6FA39DB414}
	EndGlobalSection
EndGlobal
